
Microsoft Visual Studio Solution File, Format Version 12.00
# Visual Studio Version 17
VisualStudioVersion = 17.10.35027.167
MinimumVisualStudioVersion = 10.0.40219.1
Project("{FAE04EC0-301F-11D3-BF4B-00C04F79EFBC}") = "SistemaCadastroOS2", "SistemaCadastroOS2.csproj", "{D21BD39C-057F-4908-AC92-7212ACCC864A}"
EndProject
Global
	GlobalSection(SolutionConfigurationPlatforms) = preSolution
		Debug|Any CPU = Debug|Any CPU
		Release|Any CPU = Release|Any CPU
	EndGlobalSection
	GlobalSection(ProjectConfigurationPlatforms) = postSolution
		{D21BD39C-057F-4908-AC92-7212ACCC864A}.Debug|Any CPU.ActiveCfg = Debug|Any CPU
		{D21BD39C-057F-4908-AC92-7212ACCC864A}.Debug|Any CPU.Build.0 = Debug|Any CPU
		{D21BD39C-057F-4908-AC92-7212ACCC864A}.Release|Any CPU.ActiveCfg = Release|Any CPU
		{D21BD39C-057F-4908-AC92-7212ACCC864A}.Release|Any CPU.Build.0 = Release|Any CPU
	EndGlobalSection
	GlobalSection(SolutionProperties) = preSolution
		HideSolutionNode = FALSE
	EndGlobalSection
	GlobalSection(ExtensibilityGlobals) = postSolution
		SolutionGuid = {BB60828E-C92C-49F7-A02F-34A72632E894}
	EndGlobalSection
EndGlobal
